
Microsoft Visual Studio Solution File, Format Version 12.00
# Visual Studio Version 16
VisualStudioVersion = 25.0.1704.4
MinimumVisualStudioVersion = 10.0.40219.1
Project("{FAE04EC0-301F-11D3-BF4B-00C04F79EFBC}") = "Legend.API", "Legend.API\Legend.API.csproj", "{26A06BB2-335F-421F-96C4-92E971FDBFC3}"
EndProject
Project("{FAE04EC0-301F-11D3-BF4B-00C04F79EFBC}") = "Legend.Data", "Legend.Data\Legend.Data.csproj", "{52750EB1-C185-4EA4-820C-052CF867B14F}"
EndProject
Project("{FAE04EC0-301F-11D3-BF4B-00C04F79EFBC}") = "Legend.Domain", "Legend.Domain\Legend.Domain.csproj", "{9E48B5D3-28B2-49EF-AADD-8F5455B1BD0F}"
EndProject
Project("{FAE04EC0-301F-11D3-BF4B-00C04F79EFBC}") = "Legend.Services", "Legend.Services\Legend.Services.csproj", "{1469E6D4-86C9-4F66-999F-A83BCDE25120}"
EndProject
Global
	GlobalSection(SolutionConfigurationPlatforms) = preSolution
		Debug|Any CPU = Debug|Any CPU
		Release|Any CPU = Release|Any CPU
	EndGlobalSection
	GlobalSection(ProjectConfigurationPlatforms) = postSolution
		{26A06BB2-335F-421F-96C4-92E971FDBFC3}.Debug|Any CPU.ActiveCfg = Debug|Any CPU
		{26A06BB2-335F-421F-96C4-92E971FDBFC3}.Debug|Any CPU.Build.0 = Debug|Any CPU
		{26A06BB2-335F-421F-96C4-92E971FDBFC3}.Release|Any CPU.ActiveCfg = Release|Any CPU
		{26A06BB2-335F-421F-96C4-92E971FDBFC3}.Release|Any CPU.Build.0 = Release|Any CPU
		{52750EB1-C185-4EA4-820C-052CF867B14F}.Debug|Any CPU.ActiveCfg = Debug|Any CPU
		{52750EB1-C185-4EA4-820C-052CF867B14F}.Debug|Any CPU.Build.0 = Debug|Any CPU
		{52750EB1-C185-4EA4-820C-052CF867B14F}.Release|Any CPU.ActiveCfg = Release|Any CPU
		{52750EB1-C185-4EA4-820C-052CF867B14F}.Release|Any CPU.Build.0 = Release|Any CPU
		{9E48B5D3-28B2-49EF-AADD-8F5455B1BD0F}.Debug|Any CPU.ActiveCfg = Debug|Any CPU
		{9E48B5D3-28B2-49EF-AADD-8F5455B1BD0F}.Debug|Any CPU.Build.0 = Debug|Any CPU
		{9E48B5D3-28B2-49EF-AADD-8F5455B1BD0F}.Release|Any CPU.ActiveCfg = Release|Any CPU
		{9E48B5D3-28B2-49EF-AADD-8F5455B1BD0F}.Release|Any CPU.Build.0 = Release|Any CPU
		{1469E6D4-86C9-4F66-999F-A83BCDE25120}.Debug|Any CPU.ActiveCfg = Debug|Any CPU
		{1469E6D4-86C9-4F66-999F-A83BCDE25120}.Debug|Any CPU.Build.0 = Debug|Any CPU
		{1469E6D4-86C9-4F66-999F-A83BCDE25120}.Release|Any CPU.ActiveCfg = Release|Any CPU
		{1469E6D4-86C9-4F66-999F-A83BCDE25120}.Release|Any CPU.Build.0 = Release|Any CPU
	EndGlobalSection
	GlobalSection(SolutionProperties) = preSolution
		HideSolutionNode = FALSE
	EndGlobalSection
	GlobalSection(ExtensibilityGlobals) = postSolution
		SolutionGuid = {E8C49075-7482-45F8-A648-60B032FA65B3}
	EndGlobalSection
EndGlobal
